// !$*UTF8*$!
{
	archiveVersion = 1;
	classes = {
	};
	objectVersion = 46;
	objects = {

/* Begin PBXBuildFile section */
		49389DCA1E6B17FF00A3436A /* ThirdView.swift in Sources */ = {isa = PBXBuildFile; fileRef = 49389DC91E6B17FF00A3436A /* ThirdView.swift */; };
		49389DCC1E6C69F300A3436A /* Candidate.swift in Sources */ = {isa = PBXBuildFile; fileRef = 49389DCB1E6C69F300A3436A /* Candidate.swift */; };
		4990C85F1E6CC25700A26A49 /* TableViewCustom.swift in Sources */ = {isa = PBXBuildFile; fileRef = 4990C85E1E6CC25700A26A49 /* TableViewCustom.swift */; };
		49A2D87D1EB4CC6D0063EB8B /* DisplayCandidate.swift in Sources */ = {isa = PBXBuildFile; fileRef = 49A2D87C1EB4CC6D0063EB8B /* DisplayCandidate.swift */; };
		49B23F711EBFB67000D45AEF /* DisplayView2.swift in Sources */ = {isa = PBXBuildFile; fileRef = 49B23F701EBFB67000D45AEF /* DisplayView2.swift */; };
		49B23F731EBFBFD500D45AEF /* DisplayView3.swift in Sources */ = {isa = PBXBuildFile; fileRef = 49B23F721EBFBFD500D45AEF /* DisplayView3.swift */; };
		49C48F161E64B950001186E4 /* AppDelegate.swift in Sources */ = {isa = PBXBuildFile; fileRef = 49C48F151E64B950001186E4 /* AppDelegate.swift */; };
		49C48F181E64B950001186E4 /* ViewController.swift in Sources */ = {isa = PBXBuildFile; fileRef = 49C48F171E64B950001186E4 /* ViewController.swift */; };
		49C48F1B1E64B950001186E4 /* Main.storyboard in Resources */ = {isa = PBXBuildFile; fileRef = 49C48F191E64B950001186E4 /* Main.storyboard */; };
		49C48F1D1E64B950001186E4 /* Assets.xcassets in Resources */ = {isa = PBXBuildFile; fileRef = 49C48F1C1E64B950001186E4 /* Assets.xcassets */; };
		49C48F201E64B950001186E4 /* LaunchScreen.storyboard in Resources */ = {isa = PBXBuildFile; fileRef = 49C48F1E1E64B950001186E4 /* LaunchScreen.storyboard */; };
		49C48F2B1E64B951001186E4 /* HumanRessourcesProjectTests.swift in Sources */ = {isa = PBXBuildFile; fileRef = 49C48F2A1E64B951001186E4 /* HumanRessourcesProjectTests.swift */; };
		49C48F361E64B951001186E4 /* HumanRessourcesProjectUITests.swift in Sources */ = {isa = PBXBuildFile; fileRef = 49C48F351E64B951001186E4 /* HumanRessourcesProjectUITests.swift */; };
		49C48F441E64B964001186E4 /* functions.swift in Sources */ = {isa = PBXBuildFile; fileRef = 49C48F431E64B964001186E4 /* functions.swift */; };
		49C48F461E64B9CF001186E4 /* User.swift in Sources */ = {isa = PBXBuildFile; fileRef = 49C48F451E64B9CF001186E4 /* User.swift */; };
		49C48F481E64C89C001186E4 /* SecondView.swift in Sources */ = {isa = PBXBuildFile; fileRef = 49C48F471E64C89C001186E4 /* SecondView.swift */; };
/* End PBXBuildFile section */

/* Begin PBXContainerItemProxy section */
		49C48F271E64B951001186E4 /* PBXContainerItemProxy */ = {
			isa = PBXContainerItemProxy;
			containerPortal = 49C48F0A1E64B950001186E4 /* Project object */;
			proxyType = 1;
			remoteGlobalIDString = 49C48F111E64B950001186E4;
			remoteInfo = HumanRessourcesProject;
		};
		49C48F321E64B951001186E4 /* PBXContainerItemProxy */ = {
			isa = PBXContainerItemProxy;
			containerPortal = 49C48F0A1E64B950001186E4 /* Project object */;
			proxyType = 1;
			remoteGlobalIDString = 49C48F111E64B950001186E4;
			remoteInfo = HumanRessourcesProject;
		};
/* End PBXContainerItemProxy section */

/* Begin PBXFileReference section */
		49389DC91E6B17FF00A3436A /* ThirdView.swift */ = {isa = PBXFileReference; fileEncoding = 4; lastKnownFileType = sourcecode.swift; path = ThirdView.swift; sourceTree = "<group>"; };
		49389DCB1E6C69F300A3436A /* Candidate.swift */ = {isa = PBXFileReference; fileEncoding = 4; lastKnownFileType = sourcecode.swift; path = Candidate.swift; sourceTree = "<group>"; };
		4990C85E1E6CC25700A26A49 /* TableViewCustom.swift */ = {isa = PBXFileReference; fileEncoding = 4; lastKnownFileType = sourcecode.swift; path = TableViewCustom.swift; sourceTree = "<group>"; };
		49A2D87C1EB4CC6D0063EB8B /* DisplayCandidate.swift */ = {isa = PBXFileReference; fileEncoding = 4; lastKnownFileType = sourcecode.swift; path = DisplayCandidate.swift; sourceTree = "<group>"; };
		49B23F701EBFB67000D45AEF /* DisplayView2.swift */ = {isa = PBXFileReference; fileEncoding = 4; lastKnownFileType = sourcecode.swift; path = DisplayView2.swift; sourceTree = "<group>"; };
		49B23F721EBFBFD500D45AEF /* DisplayView3.swift */ = {isa = PBXFileReference; fileEncoding = 4; lastKnownFileType = sourcecode.swift; path = DisplayView3.swift; sourceTree = "<group>"; };
		49C48F121E64B950001186E4 /* HumanRessourcesProject.app */ = {isa = PBXFileReference; explicitFileType = wrapper.application; includeInIndex = 0; path = HumanRessourcesProject.app; sourceTree = BUILT_PRODUCTS_DIR; };
		49C48F151E64B950001186E4 /* AppDelegate.swift */ = {isa = PBXFileReference; lastKnownFileType = sourcecode.swift; path = AppDelegate.swift; sourceTree = "<group>"; };
		49C48F171E64B950001186E4 /* ViewController.swift */ = {isa = PBXFileReference; lastKnownFileType = sourcecode.swift; path = ViewController.swift; sourceTree = "<group>"; };
		49C48F1A1E64B950001186E4 /* Base */ = {isa = PBXFileReference; lastKnownFileType = file.storyboard; name = Base; path = Base.lproj/Main.storyboard; sourceTree = "<group>"; };
		49C48F1C1E64B950001186E4 /* Assets.xcassets */ = {isa = PBXFileReference; lastKnownFileType = folder.assetcatalog; path = Assets.xcassets; sourceTree = "<group>"; };
		49C48F1F1E64B950001186E4 /* Base */ = {isa = PBXFileReference; lastKnownFileType = file.storyboard; name = Base; path = Base.lproj/LaunchScreen.storyboard; sourceTree = "<group>"; };
		49C48F211E64B950001186E4 /* Info.plist */ = {isa = PBXFileReference; lastKnownFileType = text.plist.xml; path = Info.plist; sourceTree = "<group>"; };
		49C48F261E64B951001186E4 /* HumanRessourcesProjectTests.xctest */ = {isa = PBXFileReference; explicitFileType = wrapper.cfbundle; includeInIndex = 0; path = HumanRessourcesProjectTests.xctest; sourceTree = BUILT_PRODUCTS_DIR; };
		49C48F2A1E64B951001186E4 /* HumanRessourcesProjectTests.swift */ = {isa = PBXFileReference; lastKnownFileType = sourcecode.swift; path = HumanRessourcesProjectTests.swift; sourceTree = "<group>"; };
		49C48F2C1E64B951001186E4 /* Info.plist */ = {isa = PBXFileReference; lastKnownFileType = text.plist.xml; path = Info.plist; sourceTree = "<group>"; };
		49C48F311E64B951001186E4 /* HumanRessourcesProjectUITests.xctest */ = {isa = PBXFileReference; explicitFileType = wrapper.cfbundle; includeInIndex = 0; path = HumanRessourcesProjectUITests.xctest; sourceTree = BUILT_PRODUCTS_DIR; };
		49C48F351E64B951001186E4 /* HumanRessourcesProjectUITests.swift */ = {isa = PBXFileReference; lastKnownFileType = sourcecode.swift; path = HumanRessourcesProjectUITests.swift; sourceTree = "<group>"; };
		49C48F371E64B951001186E4 /* Info.plist */ = {isa = PBXFileReference; lastKnownFileType = text.plist.xml; path = Info.plist; sourceTree = "<group>"; };
		49C48F431E64B964001186E4 /* functions.swift */ = {isa = PBXFileReference; fileEncoding = 4; lastKnownFileType = sourcecode.swift; path = functions.swift; sourceTree = "<group>"; };
		49C48F451E64B9CF001186E4 /* User.swift */ = {isa = PBXFileReference; fileEncoding = 4; lastKnownFileType = sourcecode.swift; path = User.swift; sourceTree = "<group>"; };
		49C48F471E64C89C001186E4 /* SecondView.swift */ = {isa = PBXFileReference; fileEncoding = 4; lastKnownFileType = sourcecode.swift; path = SecondView.swift; sourceTree = "<group>"; };
/* End PBXFileReference section */

/* Begin PBXFrameworksBuildPhase section */
		49C48F0F1E64B950001186E4 /* Frameworks */ = {
			isa = PBXFrameworksBuildPhase;
			buildActionMask = 2147483647;
			files = (
			);
			runOnlyForDeploymentPostprocessing = 0;
		};
		49C48F231E64B951001186E4 /* Frameworks */ = {
			isa = PBXFrameworksBuildPhase;
			buildActionMask = 2147483647;
			files = (
			);
			runOnlyForDeploymentPostprocessing = 0;
		};
		49C48F2E1E64B951001186E4 /* Frameworks */ = {
			isa = PBXFrameworksBuildPhase;
			buildActionMask = 2147483647;
			files = (
			);
			runOnlyForDeploymentPostprocessing = 0;
		};
/* End PBXFrameworksBuildPhase section */

/* Begin PBXGroup section */
		49C48F091E64B950001186E4 = {
			isa = PBXGroup;
			children = (
				49C48F141E64B950001186E4 /* HumanRessourcesProject */,
				49C48F291E64B951001186E4 /* HumanRessourcesProjectTests */,
				49C48F341E64B951001186E4 /* HumanRessourcesProjectUITests */,
				49C48F131E64B950001186E4 /* Products */,
			);
			sourceTree = "<group>";
		};
		49C48F131E64B950001186E4 /* Products */ = {
			isa = PBXGroup;
			children = (
				49C48F121E64B950001186E4 /* HumanRessourcesProject.app */,
				49C48F261E64B951001186E4 /* HumanRessourcesProjectTests.xctest */,
				49C48F311E64B951001186E4 /* HumanRessourcesProjectUITests.xctest */,
			);
			name = Products;
			sourceTree = "<group>";
		};
		49C48F141E64B950001186E4 /* HumanRessourcesProject */ = {
			isa = PBXGroup;
			children = (
				49C48F151E64B950001186E4 /* AppDelegate.swift */,
				49C48F171E64B950001186E4 /* ViewController.swift */,
				49C48F191E64B950001186E4 /* Main.storyboard */,
				49C48F1C1E64B950001186E4 /* Assets.xcassets */,
				49C48F1E1E64B950001186E4 /* LaunchScreen.storyboard */,
				49C48F211E64B950001186E4 /* Info.plist */,
				49C48F431E64B964001186E4 /* functions.swift */,
				49C48F451E64B9CF001186E4 /* User.swift */,
				49C48F471E64C89C001186E4 /* SecondView.swift */,
				49389DC91E6B17FF00A3436A /* ThirdView.swift */,
				4990C85E1E6CC25700A26A49 /* TableViewCustom.swift */,
				49389DCB1E6C69F300A3436A /* Candidate.swift */,
				49A2D87C1EB4CC6D0063EB8B /* DisplayCandidate.swift */,
				49B23F701EBFB67000D45AEF /* DisplayView2.swift */,
				49B23F721EBFBFD500D45AEF /* DisplayView3.swift */,
			);
			path = HumanRessourcesProject;
			sourceTree = "<group>";
		};
		49C48F291E64B951001186E4 /* HumanRessourcesProjectTests */ = {
			isa = PBXGroup;
			children = (
				49C48F2A1E64B951001186E4 /* HumanRessourcesProjectTests.swift */,
				49C48F2C1E64B951001186E4 /* Info.plist */,
			);
			path = HumanRessourcesProjectTests;
			sourceTree = "<group>";
		};
		49C48F341E64B951001186E4 /* HumanRessourcesProjectUITests */ = {
			isa = PBXGroup;
			children = (
				49C48F351E64B951001186E4 /* HumanRessourcesProjectUITests.swift */,
				49C48F371E64B951001186E4 /* Info.plist */,
			);
			path = HumanRessourcesProjectUITests;
			sourceTree = "<group>";
		};
/* End PBXGroup section */

/* Begin PBXNativeTarget section */
		49C48F111E64B950001186E4 /* HumanRessourcesProject */ = {
			isa = PBXNativeTarget;
			buildConfigurationList = 49C48F3A1E64B951001186E4 /* Build configuration list for PBXNativeTarget "HumanRessourcesProject" */;
			buildPhases = (
				49C48F0E1E64B950001186E4 /* Sources */,
				49C48F0F1E64B950001186E4 /* Frameworks */,
				49C48F101E64B950001186E4 /* Resources */,
			);
			buildRules = (
			);
			dependencies = (
			);
			name = HumanRessourcesProject;
			productName = HumanRessourcesProject;
			productReference = 49C48F121E64B950001186E4 /* HumanRessourcesProject.app */;
			productType = "com.apple.product-type.application";
		};
		49C48F251E64B951001186E4 /* HumanRessourcesProjectTests */ = {
			isa = PBXNativeTarget;
			buildConfigurationList = 49C48F3D1E64B951001186E4 /* Build configuration list for PBXNativeTarget "HumanRessourcesProjectTests" */;
			buildPhases = (
				49C48F221E64B951001186E4 /* Sources */,
				49C48F231E64B951001186E4 /* Frameworks */,
				49C48F241E64B951001186E4 /* Resources */,
			);
			buildRules = (
			);
			dependencies = (
				49C48F281E64B951001186E4 /* PBXTargetDependency */,
			);
			name = HumanRessourcesProjectTests;
			productName = HumanRessourcesProjectTests;
			productReference = 49C48F261E64B951001186E4 /* HumanRessourcesProjectTests.xctest */;
			productType = "com.apple.product-type.bundle.unit-test";
		};
		49C48F301E64B951001186E4 /* HumanRessourcesProjectUITests */ = {
			isa = PBXNativeTarget;
			buildConfigurationList = 49C48F401E64B951001186E4 /* Build configuration list for PBXNativeTarget "HumanRessourcesProjectUITests" */;
			buildPhases = (
				49C48F2D1E64B951001186E4 /* Sources */,
				49C48F2E1E64B951001186E4 /* Frameworks */,
				49C48F2F1E64B951001186E4 /* Resources */,
			);
			buildRules = (
			);
			dependencies = (
				49C48F331E64B951001186E4 /* PBXTargetDependency */,
			);
			name = HumanRessourcesProjectUITests;
			productName = HumanRessourcesProjectUITests;
			productReference = 49C48F311E64B951001186E4 /* HumanRessourcesProjectUITests.xctest */;
			productType = "com.apple.product-type.bundle.ui-testing";
		};
/* End PBXNativeTarget section */

/* Begin PBXProject section */
		49C48F0A1E64B950001186E4 /* Project object */ = {
			isa = PBXProject;
			attributes = {
				LastSwiftUpdateCheck = 0710;
				LastUpgradeCheck = 0710;
				ORGANIZATIONNAME = "zaafrani Gabriel";
				TargetAttributes = {
					49C48F111E64B950001186E4 = {
						CreatedOnToolsVersion = 7.1;
					};
					49C48F251E64B951001186E4 = {
						CreatedOnToolsVersion = 7.1;
						TestTargetID = 49C48F111E64B950001186E4;
					};
					49C48F301E64B951001186E4 = {
						CreatedOnToolsVersion = 7.1;
						TestTargetID = 49C48F111E64B950001186E4;
					};
				};
			};
			buildConfigurationList = 49C48F0D1E64B950001186E4 /* Build configuration list for PBXProject "HumanRessourcesProject" */;
			compatibilityVersion = "Xcode 3.2";
			developmentRegion = English;
			hasScannedForEncodings = 0;
			knownRegions = (
				en,
				Base,
			);
			mainGroup = 49C48F091E64B950001186E4;
			productRefGroup = 49C48F131E64B950001186E4 /* Products */;
			projectDirPath = "";
			projectRoot = "";
			targets = (
				49C48F111E64B950001186E4 /* HumanRessourcesProject */,
				49C48F251E64B951001186E4 /* HumanRessourcesProjectTests */,
				49C48F301E64B951001186E4 /* HumanRessourcesProjectUITests */,
			);
		};
/* End PBXProject section */

/* Begin PBXResourcesBuildPhase section */
		49C48F101E64B950001186E4 /* Resources */ = {
			isa = PBXResourcesBuildPhase;
			buildActionMask = 2147483647;
			files = (
				49C48F201E64B950001186E4 /* LaunchScreen.storyboard in Resources */,
				49C48F1D1E64B950001186E4 /* Assets.xcassets in Resources */,
				49C48F1B1E64B950001186E4 /* Main.storyboard in Resources */,
			);
			runOnlyForDeploymentPostprocessing = 0;
		};
		49C48F241E64B951001186E4 /* Resources */ = {
			isa = PBXResourcesBuildPhase;
			buildActionMask = 2147483647;
			files = (
			);
			runOnlyForDeploymentPostprocessing = 0;
		};
		49C48F2F1E64B951001186E4 /* Resources */ = {
			isa = PBXResourcesBuildPhase;
			buildActionMask = 2147483647;
			files = (
			);
			runOnlyForDeploymentPostprocessing = 0;
		};
/* End PBXResourcesBuildPhase section */

/* Begin PBXSourcesBuildPhase section */
		49C48F0E1E64B950001186E4 /* Sources */ = {
			isa = PBXSourcesBuildPhase;
			buildActionMask = 2147483647;
			files = (
				49B23F731EBFBFD500D45AEF /* DisplayView3.swift in Sources */,
				49B23F711EBFB67000D45AEF /* DisplayView2.swift in Sources */,
				49C48F461E64B9CF001186E4 /* User.swift in Sources */,
				49C48F481E64C89C001186E4 /* SecondView.swift in Sources */,
				49C48F181E64B950001186E4 /* ViewController.swift in Sources */,
				49A2D87D1EB4CC6D0063EB8B /* DisplayCandidate.swift in Sources */,
				49C48F161E64B950001186E4 /* AppDelegate.swift in Sources */,
				49389DCC1E6C69F300A3436A /* Candidate.swift in Sources */,
				49389DCA1E6B17FF00A3436A /* ThirdView.swift in Sources */,
				4990C85F1E6CC25700A26A49 /* TableViewCustom.swift in Sources */,
				49C48F441E64B964001186E4 /* functions.swift in Sources */,
			);
			runOnlyForDeploymentPostprocessing = 0;
		};
		49C48F221E64B951001186E4 /* Sources */ = {
			isa = PBXSourcesBuildPhase;
			buildActionMask = 2147483647;
			files = (
				49C48F2B1E64B951001186E4 /* HumanRessourcesProjectTests.swift in Sources */,
			);
			runOnlyForDeploymentPostprocessing = 0;
		};
		49C48F2D1E64B951001186E4 /* Sources */ = {
			isa = PBXSourcesBuildPhase;
			buildActionMask = 2147483647;
			files = (
				49C48F361E64B951001186E4 /* HumanRessourcesProjectUITests.swift in Sources */,
			);
			runOnlyForDeploymentPostprocessing = 0;
		};
/* End PBXSourcesBuildPhase section */

/* Begin PBXTargetDependency section */
		49C48F281E64B951001186E4 /* PBXTargetDependency */ = {
			isa = PBXTargetDependency;
			target = 49C48F111E64B950001186E4 /* HumanRessourcesProject */;
			targetProxy = 49C48F271E64B951001186E4 /* PBXContainerItemProxy */;
		};
		49C48F331E64B951001186E4 /* PBXTargetDependency */ = {
			isa = PBXTargetDependency;
			target = 49C48F111E64B950001186E4 /* HumanRessourcesProject */;
			targetProxy = 49C48F321E64B951001186E4 /* PBXContainerItemProxy */;
		};
/* End PBXTargetDependency section */

/* Begin PBXVariantGroup section */
		49C48F191E64B950001186E4 /* Main.storyboard */ = {
			isa = PBXVariantGroup;
			children = (
				49C48F1A1E64B950001186E4 /* Base */,
			);
			name = Main.storyboard;
			sourceTree = "<group>";
		};
		49C48F1E1E64B950001186E4 /* LaunchScreen.storyboard */ = {
			isa = PBXVariantGroup;
			children = (
				49C48F1F1E64B950001186E4 /* Base */,
			);
			name = LaunchScreen.storyboard;
			sourceTree = "<group>";
		};
/* End PBXVariantGroup section */

/* Begin XCBuildConfiguration section */
		49C48F381E64B951001186E4 /* Debug */ = {
			isa = XCBuildConfiguration;
			buildSettings = {
				ALWAYS_SEARCH_USER_PATHS = NO;
				CLANG_CXX_LANGUAGE_STANDARD = "gnu++0x";
				CLANG_CXX_LIBRARY = "libc++";
				CLANG_ENABLE_MODULES = YES;
				CLANG_ENABLE_OBJC_ARC = YES;
				CLANG_WARN_BOOL_CONVERSION = YES;
				CLANG_WARN_CONSTANT_CONVERSION = YES;
				CLANG_WARN_DIRECT_OBJC_ISA_USAGE = YES_ERROR;
				CLANG_WARN_EMPTY_BODY = YES;
				CLANG_WARN_ENUM_CONVERSION = YES;
				CLANG_WARN_INT_CONVERSION = YES;
				CLANG_WARN_OBJC_ROOT_CLASS = YES_ERROR;
				CLANG_WARN_UNREACHABLE_CODE = YES;
				CLANG_WARN__DUPLICATE_METHOD_MATCH = YES;
				"CODE_SIGN_IDENTITY[sdk=iphoneos*]" = "iPhone Developer";
				COPY_PHASE_STRIP = NO;
				DEBUG_INFORMATION_FORMAT = dwarf;
				ENABLE_STRICT_OBJC_MSGSEND = YES;
				ENABLE_TESTABILITY = YES;
				GCC_C_LANGUAGE_STANDARD = gnu99;
				GCC_DYNAMIC_NO_PIC = NO;
				GCC_NO_COMMON_BLOCKS = YES;
				GCC_OPTIMIZATION_LEVEL = 0;
				GCC_PREPROCESSOR_DEFINITIONS = (
					"DEBUG=1",
					"$(inherited)",
				);
				GCC_WARN_64_TO_32_BIT_CONVERSION = YES;
				GCC_WARN_ABOUT_RETURN_TYPE = YES_ERROR;
				GCC_WARN_UNDECLARED_SELECTOR = YES;
				GCC_WARN_UNINITIALIZED_AUTOS = YES_AGGRESSIVE;
				GCC_WARN_UNUSED_FUNCTION = YES;
				GCC_WARN_UNUSED_VARIABLE = YES;
				IPHONEOS_DEPLOYMENT_TARGET = 9.1;
				MTL_ENABLE_DEBUG_INFO = YES;
				ONLY_ACTIVE_ARCH = YES;
				SDKROOT = iphoneos;
				SWIFT_OPTIMIZATION_LEVEL = "-Onone";
				TARGETED_DEVICE_FAMILY = "1,2";
			};
			name = Debug;
		};
		49C48F391E64B951001186E4 /* Release */ = {
			isa = XCBuildConfiguration;
			buildSettings = {
				ALWAYS_SEARCH_USER_PATHS = NO;
				CLANG_CXX_LANGUAGE_STANDARD = "gnu++0x";
				CLANG_CXX_LIBRARY = "libc++";
				CLANG_ENABLE_MODULES = YES;
				CLANG_ENABLE_OBJC_ARC = YES;
				CLANG_WARN_BOOL_CONVERSION = YES;
				CLANG_WARN_CONSTANT_CONVERSION = YES;
				CLANG_WARN_DIRECT_OBJC_ISA_USAGE = YES_ERROR;
				CLANG_WARN_EMPTY_BODY = YES;
				CLANG_WARN_ENUM_CONVERSION = YES;
				CLANG_WARN_INT_CONVERSION = YES;
				CLANG_WARN_OBJC_ROOT_CLASS = YES_ERROR;
				CLANG_WARN_UNREACHABLE_CODE = YES;
				CLANG_WARN__DUPLICATE_METHOD_MATCH = YES;
				"CODE_SIGN_IDENTITY[sdk=iphoneos*]" = "iPhone Developer";
				COPY_PHASE_STRIP = NO;
				DEBUG_INFORMATION_FORMAT = "dwarf-with-dsym";
				ENABLE_NS_ASSERTIONS = NO;
				ENABLE_STRICT_OBJC_MSGSEND = YES;
				GCC_C_LANGUAGE_STANDARD = gnu99;
				GCC_NO_COMMON_BLOCKS = YES;
				GCC_WARN_64_TO_32_BIT_CONVERSION = YES;
				GCC_WARN_ABOUT_RETURN_TYPE = YES_ERROR;
				GCC_WARN_UNDECLARED_SELECTOR = YES;
				GCC_WARN_UNINITIALIZED_AUTOS = YES_AGGRESSIVE;
				GCC_WARN_UNUSED_FUNCTION = YES;
				GCC_WARN_UNUSED_VARIABLE = YES;
				IPHONEOS_DEPLOYMENT_TARGET = 9.1;
				MTL_ENABLE_DEBUG_INFO = NO;
				SDKROOT = iphoneos;
				TARGETED_DEVICE_FAMILY = "1,2";
				VALIDATE_PRODUCT = YES;
			};
			name = Release;
		};
		49C48F3B1E64B951001186E4 /* Debug */ = {
			isa = XCBuildConfiguration;
			buildSettings = {
				ASSETCATALOG_COMPILER_APPICON_NAME = AppIcon;
				INFOPLIST_FILE = HumanRessourcesProject/Info.plist;
				LD_RUNPATH_SEARCH_PATHS = "$(inherited) @executable_path/Frameworks";
				PRODUCT_BUNDLE_IDENTIFIER = com.test.app1.HumanRessourcesProject;
				PRODUCT_NAME = "$(TARGET_NAME)";
			};
			name = Debug;
		};
		49C48F3C1E64B951001186E4 /* Release */ = {
			isa = XCBuildConfiguration;
			buildSettings = {
				ASSETCATALOG_COMPILER_APPICON_NAME = AppIcon;
				INFOPLIST_FILE = HumanRessourcesProject/Info.plist;
				LD_RUNPATH_SEARCH_PATHS = "$(inherited) @executable_path/Frameworks";
				PRODUCT_BUNDLE_IDENTIFIER = com.test.app1.HumanRessourcesProject;
				PRODUCT_NAME = "$(TARGET_NAME)";
			};
			name = Release;
		};
		49C48F3E1E64B951001186E4 /* Debug */ = {
			isa = XCBuildConfiguration;
			buildSettings = {
				BUNDLE_LOADER = "$(TEST_HOST)";
				INFOPLIST_FILE = HumanRessourcesProjectTests/Info.plist;
				LD_RUNPATH_SEARCH_PATHS = "$(inherited) @executable_path/Frameworks @loader_path/Frameworks";
				PRODUCT_BUNDLE_IDENTIFIER = com.test.app1.HumanRessourcesProjectTests;
				PRODUCT_NAME = "$(TARGET_NAME)";
				TEST_HOST = "$(BUILT_PRODUCTS_DIR)/HumanRessourcesProject.app/HumanRessourcesProject";
			};
			name = Debug;
		};
		49C48F3F1E64B951001186E4 /* Release */ = {
			isa = XCBuildConfiguration;
			buildSettings = {
				BUNDLE_LOADER = "$(TEST_HOST)";
				INFOPLIST_FILE = HumanRessourcesProjectTests/Info.plist;
				LD_RUNPATH_SEARCH_PATHS = "$(inherited) @executable_path/Frameworks @loader_path/Frameworks";
				PRODUCT_BUNDLE_IDENTIFIER = com.test.app1.HumanRessourcesProjectTests;
				PRODUCT_NAME = "$(TARGET_NAME)";
				TEST_HOST = "$(BUILT_PRODUCTS_DIR)/HumanRessourcesProject.app/HumanRessourcesProject";
			};
			name = Release;
		};
		49C48F411E64B951001186E4 /* Debug */ = {
			isa = XCBuildConfiguration;
			buildSettings = {
				INFOPLIST_FILE = HumanRessourcesProjectUITests/Info.plist;
				LD_RUNPATH_SEARCH_PATHS = "$(inherited) @executable_path/Frameworks @loader_path/Frameworks";
				PRODUCT_BUNDLE_IDENTIFIER = com.test.app1.HumanRessourcesProjectUITests;
				PRODUCT_NAME = "$(TARGET_NAME)";
				TEST_TARGET_NAME = HumanRessourcesProject;
				USES_XCTRUNNER = YES;
			};
			name = Debug;
		};
		49C48F421E64B951001186E4 /* Release */ = {
			isa = XCBuildConfiguration;
			buildSettings = {
				INFOPLIST_FILE = HumanRessourcesProjectUITests/Info.plist;
				LD_RUNPATH_SEARCH_PATHS = "$(inherited) @executable_path/Frameworks @loader_path/Frameworks";
				PRODUCT_BUNDLE_IDENTIFIER = com.test.app1.HumanRessourcesProjectUITests;
				PRODUCT_NAME = "$(TARGET_NAME)";
				TEST_TARGET_NAME = HumanRessourcesProject;
				USES_XCTRUNNER = YES;
			};
			name = Release;
		};
/* End XCBuildConfiguration section */

/* Begin XCConfigurationList section */
		49C48F0D1E64B950001186E4 /* Build configuration list for PBXProject "HumanRessourcesProject" */ = {
			isa = XCConfigurationList;
			buildConfigurations = (
				49C48F381E64B951001186E4 /* Debug */,
				49C48F391E64B951001186E4 /* Release */,
			);
			defaultConfigurationIsVisible = 0;
			defaultConfigurationName = Release;
		};
		49C48F3A1E64B951001186E4 /* Build configuration list for PBXNativeTarget "HumanRessourcesProject" */ = {
			isa = XCConfigurationList;
			buildConfigurations = (
				49C48F3B1E64B951001186E4 /* Debug */,
				49C48F3C1E64B951001186E4 /* Release */,
			);
			defaultConfigurationIsVisible = 0;
			defaultConfigurationName = Release;
		};
		49C48F3D1E64B951001186E4 /* Build configuration list for PBXNativeTarget "HumanRessourcesProjectTests" */ = {
			isa = XCConfigurationList;
			buildConfigurations = (
				49C48F3E1E64B951001186E4 /* Debug */,
				49C48F3F1E64B951001186E4 /* Release */,
			);
			defaultConfigurationIsVisible = 0;
			defaultConfigurationName = Release;
		};
		49C48F401E64B951001186E4 /* Build configuration list for PBXNativeTarget "HumanRessourcesProjectUITests" */ = {
			isa = XCConfigurationList;
			buildConfigurations = (
				49C48F411E64B951001186E4 /* Debug */,
				49C48F421E64B951001186E4 /* Release */,
			);
			defaultConfigurationIsVisible = 0;
			defaultConfigurationName = Release;
		};
/* End XCConfigurationList section */
	};
	rootObject = 49C48F0A1E64B950001186E4 /* Project object */;
}
